
Microsoft Visual Studio Solution File, Format Version 12.00
# Visual Studio 15
VisualStudioVersion = 15.0.28010.2036
MinimumVisualStudioVersion = 10.0.40219.1
Project("{FAE04EC0-301F-11D3-BF4B-00C04F79EFBC}") = "WebApplication22", "WebApplication22\WebApplication22.csproj", "{014CF079-29CA-43F8-AA9C-CA7464A31C7E}"
EndProject
Project("{2150E333-8FDC-42A3-9474-1A3956D46DE8}") = "Solution Items", "Solution Items", "{63371364-F0F0-4407-8EE6-FFAFA0BCEEA3}"
	ProjectSection(SolutionItems) = preProject
		googlecal.js = googlecal.js
	EndProjectSection
EndProject
Global
	GlobalSection(SolutionConfigurationPlatforms) = preSolution
		Debug|Any CPU = Debug|Any CPU
		Release|Any CPU = Release|Any CPU
	EndGlobalSection
	GlobalSection(ProjectConfigurationPlatforms) = postSolution
		{014CF079-29CA-43F8-AA9C-CA7464A31C7E}.Debug|Any CPU.ActiveCfg = Debug|Any CPU
		{014CF079-29CA-43F8-AA9C-CA7464A31C7E}.Debug|Any CPU.Build.0 = Debug|Any CPU
		{014CF079-29CA-43F8-AA9C-CA7464A31C7E}.Release|Any CPU.ActiveCfg = Release|Any CPU
		{014CF079-29CA-43F8-AA9C-CA7464A31C7E}.Release|Any CPU.Build.0 = Release|Any CPU
	EndGlobalSection
	GlobalSection(SolutionProperties) = preSolution
		HideSolutionNode = FALSE
	EndGlobalSection
	GlobalSection(ExtensibilityGlobals) = postSolution
		SolutionGuid = {5341F583-D6D1-4517-B7E4-8EBA75E2C0FF}
	EndGlobalSection
EndGlobal
